// !$*UTF8*$!
{
	archiveVersion = 1;
	classes = {
	};
	objectVersion = 50;
	objects = {

/* Begin PBXBuildFile section */
		22AF7739FA2972DC10CFFACB /* Pods_SwiftScreenRecordWithReplayKit.framework in Frameworks */ = {isa = PBXBuildFile; fileRef = 9EB5165D0E284331C92A3D54 /* Pods_SwiftScreenRecordWithReplayKit.framework */; };
		3DB6B6C123CE718C005AFDEF /* AppDelegate.swift in Sources */ = {isa = PBXBuildFile; fileRef = 3DB6B6C023CE718C005AFDEF /* AppDelegate.swift */; };
		3DB6B6C523CE718C005AFDEF /* HomeVC.swift in Sources */ = {isa = PBXBuildFile; fileRef = 3DB6B6C423CE718C005AFDEF /* HomeVC.swift */; };
		3DB6B6CA23CE718D005AFDEF /* Assets.xcassets in Resources */ = {isa = PBXBuildFile; fileRef = 3DB6B6C923CE718D005AFDEF /* Assets.xcassets */; };
		3DB6B6CD23CE718D005AFDEF /* LaunchScreen.storyboard in Resources */ = {isa = PBXBuildFile; fileRef = 3DB6B6CB23CE718D005AFDEF /* LaunchScreen.storyboard */; };
/* End PBXBuildFile section */

/* Begin PBXFileReference section */
		3DB6B6BD23CE718C005AFDEF /* SwiftScreenRecordWithReplayKit.app */ = {isa = PBXFileReference; explicitFileType = wrapper.application; includeInIndex = 0; path = SwiftScreenRecordWithReplayKit.app; sourceTree = BUILT_PRODUCTS_DIR; };
		3DB6B6C023CE718C005AFDEF /* AppDelegate.swift */ = {isa = PBXFileReference; lastKnownFileType = sourcecode.swift; path = AppDelegate.swift; sourceTree = "<group>"; };
		3DB6B6C423CE718C005AFDEF /* HomeVC.swift */ = {isa = PBXFileReference; lastKnownFileType = sourcecode.swift; path = HomeVC.swift; sourceTree = "<group>"; };
		3DB6B6C923CE718D005AFDEF /* Assets.xcassets */ = {isa = PBXFileReference; lastKnownFileType = folder.assetcatalog; path = Assets.xcassets; sourceTree = "<group>"; };
		3DB6B6CC23CE718D005AFDEF /* Base */ = {isa = PBXFileReference; lastKnownFileType = file.storyboard; name = Base; path = Base.lproj/LaunchScreen.storyboard; sourceTree = "<group>"; };
		3DB6B6CE23CE718D005AFDEF /* Info.plist */ = {isa = PBXFileReference; lastKnownFileType = text.plist.xml; path = Info.plist; sourceTree = "<group>"; };
		3DB6B6D423CFA39A005AFDEF /* SwiftScreenRecordWithReplayKit-Bridging-Header.h */ = {isa = PBXFileReference; lastKnownFileType = sourcecode.c.h; path = "SwiftScreenRecordWithReplayKit-Bridging-Header.h"; sourceTree = "<group>"; };
		5DD06F254B7797119781040B /* Pods-SwiftScreenRecordWithReplayKit.release.xcconfig */ = {isa = PBXFileReference; includeInIndex = 1; lastKnownFileType = text.xcconfig; name = "Pods-SwiftScreenRecordWithReplayKit.release.xcconfig"; path = "Target Support Files/Pods-SwiftScreenRecordWithReplayKit/Pods-SwiftScreenRecordWithReplayKit.release.xcconfig"; sourceTree = "<group>"; };
		9EB5165D0E284331C92A3D54 /* Pods_SwiftScreenRecordWithReplayKit.framework */ = {isa = PBXFileReference; explicitFileType = wrapper.framework; includeInIndex = 0; path = Pods_SwiftScreenRecordWithReplayKit.framework; sourceTree = BUILT_PRODUCTS_DIR; };
		BFEFA7D1333A60788201C880 /* Pods-SwiftScreenRecordWithReplayKit.debug.xcconfig */ = {isa = PBXFileReference; includeInIndex = 1; lastKnownFileType = text.xcconfig; name = "Pods-SwiftScreenRecordWithReplayKit.debug.xcconfig"; path = "Target Support Files/Pods-SwiftScreenRecordWithReplayKit/Pods-SwiftScreenRecordWithReplayKit.debug.xcconfig"; sourceTree = "<group>"; };
/* End PBXFileReference section */

/* Begin PBXFrameworksBuildPhase section */
		3DB6B6BA23CE718C005AFDEF /* Frameworks */ = {
			isa = PBXFrameworksBuildPhase;
			buildActionMask = 2147483647;
			files = (
				22AF7739FA2972DC10CFFACB /* Pods_SwiftScreenRecordWithReplayKit.framework in Frameworks */,
			);
			runOnlyForDeploymentPostprocessing = 0;
		};
/* End PBXFrameworksBuildPhase section */

/* Begin PBXGroup section */
		3DB6B6B423CE718C005AFDEF = {
			isa = PBXGroup;
			children = (
				3DB6B6BF23CE718C005AFDEF /* SwiftScreenRecordWithReplayKit */,
				3DB6B6BE23CE718C005AFDEF /* Products */,
				EA65195F3D0FF359B0180468 /* Pods */,
				B33F050AA091784FF8D19180 /* Frameworks */,
			);
			sourceTree = "<group>";
		};
		3DB6B6BE23CE718C005AFDEF /* Products */ = {
			isa = PBXGroup;
			children = (
				3DB6B6BD23CE718C005AFDEF /* SwiftScreenRecordWithReplayKit.app */,
			);
			name = Products;
			sourceTree = "<group>";
		};
		3DB6B6BF23CE718C005AFDEF /* SwiftScreenRecordWithReplayKit */ = {
			isa = PBXGroup;
			children = (
				3DB6B6C023CE718C005AFDEF /* AppDelegate.swift */,
				3DB6B6C423CE718C005AFDEF /* HomeVC.swift */,
				3DB6B6D423CFA39A005AFDEF /* SwiftScreenRecordWithReplayKit-Bridging-Header.h */,
				3DB6B6C923CE718D005AFDEF /* Assets.xcassets */,
				3DB6B6CB23CE718D005AFDEF /* LaunchScreen.storyboard */,
				3DB6B6CE23CE718D005AFDEF /* Info.plist */,
			);
			path = SwiftScreenRecordWithReplayKit;
			sourceTree = "<group>";
		};
		B33F050AA091784FF8D19180 /* Frameworks */ = {
			isa = PBXGroup;
			children = (
				9EB5165D0E284331C92A3D54 /* Pods_SwiftScreenRecordWithReplayKit.framework */,
			);
			name = Frameworks;
			sourceTree = "<group>";
		};
		EA65195F3D0FF359B0180468 /* Pods */ = {
			isa = PBXGroup;
			children = (
				BFEFA7D1333A60788201C880 /* Pods-SwiftScreenRecordWithReplayKit.debug.xcconfig */,
				5DD06F254B7797119781040B /* Pods-SwiftScreenRecordWithReplayKit.release.xcconfig */,
			);
			path = Pods;
			sourceTree = "<group>";
		};
/* End PBXGroup section */

/* Begin PBXNativeTarget section */
		3DB6B6BC23CE718C005AFDEF /* SwiftScreenRecordWithReplayKit */ = {
			isa = PBXNativeTarget;
			buildConfigurationList = 3DB6B6D123CE718D005AFDEF /* Build configuration list for PBXNativeTarget "SwiftScreenRecordWithReplayKit" */;
			buildPhases = (
				A407EDB64DB52680971561FE /* [CP] Check Pods Manifest.lock */,
				3DB6B6B923CE718C005AFDEF /* Sources */,
				3DB6B6BA23CE718C005AFDEF /* Frameworks */,
				3DB6B6BB23CE718C005AFDEF /* Resources */,
			);
			buildRules = (
			);
			dependencies = (
			);
			name = SwiftScreenRecordWithReplayKit;
			productName = SwiftScreenRecordWithReplayKit;
			productReference = 3DB6B6BD23CE718C005AFDEF /* SwiftScreenRecordWithReplayKit.app */;
			productType = "com.apple.product-type.application";
		};
/* End PBXNativeTarget section */

/* Begin PBXProject section */
		3DB6B6B523CE718C005AFDEF /* Project object */ = {
			isa = PBXProject;
			attributes = {
				LastSwiftUpdateCheck = 1130;
				LastUpgradeCheck = 1130;
				ORGANIZATIONNAME = "Mehmet Fatih YILDIZ";
				TargetAttributes = {
					3DB6B6BC23CE718C005AFDEF = {
						CreatedOnToolsVersion = 11.3;
					};
				};
			};
			buildConfigurationList = 3DB6B6B823CE718C005AFDEF /* Build configuration list for PBXProject "SwiftScreenRecordWithReplayKit" */;
			compatibilityVersion = "Xcode 9.3";
			developmentRegion = en;
			hasScannedForEncodings = 0;
			knownRegions = (
				en,
				Base,
			);
			mainGroup = 3DB6B6B423CE718C005AFDEF;
			productRefGroup = 3DB6B6BE23CE718C005AFDEF /* Products */;
			projectDirPath = "";
			projectRoot = "";
			targets = (
				3DB6B6BC23CE718C005AFDEF /* SwiftScreenRecordWithReplayKit */,
			);
		};
/* End PBXProject section */

/* Begin PBXResourcesBuildPhase section */
		3DB6B6BB23CE718C005AFDEF /* Resources */ = {
			isa = PBXResourcesBuildPhase;
			buildActionMask = 2147483647;
			files = (
				3DB6B6CD23CE718D005AFDEF /* LaunchScreen.storyboard in Resources */,
				3DB6B6CA23CE718D005AFDEF /* Assets.xcassets in Resources */,
			);
			runOnlyForDeploymentPostprocessing = 0;
		};
/* End PBXResourcesBuildPhase section */

/* Begin PBXShellScriptBuildPhase section */
		A407EDB64DB52680971561FE /* [CP] Check Pods Manifest.lock */ = {
			isa = PBXShellScriptBuildPhase;
			buildActionMask = 2147483647;
			files = (
			);
			inputFileListPaths = (
			);
			inputPaths = (
				"${PODS_PODFILE_DIR_PATH}/Podfile.lock",
				"${PODS_ROOT}/Manifest.lock",
			);
			name = "[CP] Check Pods Manifest.lock";
			outputFileListPaths = (
			);
			outputPaths = (
				"$(DERIVED_FILE_DIR)/Pods-SwiftScreenRecordWithReplayKit-checkManifestLockResult.txt",
			);
			runOnlyForDeploymentPostprocessing = 0;
			shellPath = /bin/sh;
			shellScript = "diff \"${PODS_PODFILE_DIR_PATH}/Podfile.lock\" \"${PODS_ROOT}/Manifest.lock\" > /dev/null\nif [ $? != 0 ] ; then\n    # print error to STDERR\n    echo \"error: The sandbox is not in sync with the Podfile.lock. Run 'pod install' or update your CocoaPods installation.\" >&2\n    exit 1\nfi\n# This output is used by Xcode 'outputs' to avoid re-running this script phase.\necho \"SUCCESS\" > \"${SCRIPT_OUTPUT_FILE_0}\"\n";
			showEnvVarsInLog = 0;
		};
/* End PBXShellScriptBuildPhase section */

/* Begin PBXSourcesBuildPhase section */
		3DB6B6B923CE718C005AFDEF /* Sources */ = {
			isa = PBXSourcesBuildPhase;
			buildActionMask = 2147483647;
			files = (
				3DB6B6C523CE718C005AFDEF /* HomeVC.swift in Sources */,
				3DB6B6C123CE718C005AFDEF /* AppDelegate.swift in Sources */,
			);
			runOnlyForDeploymentPostprocessing = 0;
		};
/* End PBXSourcesBuildPhase section */

/* Begin PBXVariantGroup section */
		3DB6B6CB23CE718D005AFDEF /* LaunchScreen.storyboard */ = {
			isa = PBXVariantGroup;
			children = (
				3DB6B6CC23CE718D005AFDEF /* Base */,
			);
			name = LaunchScreen.storyboard;
			sourceTree = "<group>";
		};
/* End PBXVariantGroup section */

/* Begin XCBuildConfiguration section */
		3DB6B6CF23CE718D005AFDEF /* Debug */ = {
			isa = XCBuildConfiguration;
			buildSettings = {
				ALWAYS_SEARCH_USER_PATHS = NO;
				CLANG_ANALYZER_NONNULL = YES;
				CLANG_ANALYZER_NUMBER_OBJECT_CONVERSION = YES_AGGRESSIVE;
				CLANG_CXX_LANGUAGE_STANDARD = "gnu++14";
				CLANG_CXX_LIBRARY = "libc++";
				CLANG_ENABLE_MODULES = YES;
				CLANG_ENABLE_OBJC_ARC = YES;
				CLANG_ENABLE_OBJC_WEAK = YES;
				CLANG_WARN_BLOCK_CAPTURE_AUTORELEASING = YES;
				CLANG_WARN_BOOL_CONVERSION = YES;
				CLANG_WARN_COMMA = YES;
				CLANG_WARN_CONSTANT_CONVERSION = YES;
				CLANG_WARN_DEPRECATED_OBJC_IMPLEMENTATIONS = YES;
				CLANG_WARN_DIRECT_OBJC_ISA_USAGE = YES_ERROR;
				CLANG_WARN_DOCUMENTATION_COMMENTS = YES;
				CLANG_WARN_EMPTY_BODY = YES;
				CLANG_WARN_ENUM_CONVERSION = YES;
				CLANG_WARN_INFINITE_RECURSION = YES;
				CLANG_WARN_INT_CONVERSION = YES;
				CLANG_WARN_NON_LITERAL_NULL_CONVERSION = YES;
				CLANG_WARN_OBJC_IMPLICIT_RETAIN_SELF = YES;
				CLANG_WARN_OBJC_LITERAL_CONVERSION = YES;
				CLANG_WARN_OBJC_ROOT_CLASS = YES_ERROR;
				CLANG_WARN_RANGE_LOOP_ANALYSIS = YES;
				CLANG_WARN_STRICT_PROTOTYPES = YES;
				CLANG_WARN_SUSPICIOUS_MOVE = YES;
				CLANG_WARN_UNGUARDED_AVAILABILITY = YES_AGGRESSIVE;
				CLANG_WARN_UNREACHABLE_CODE = YES;
				CLANG_WARN__DUPLICATE_METHOD_MATCH = YES;
				COPY_PHASE_STRIP = NO;
				DEBUG_INFORMATION_FORMAT = dwarf;
				ENABLE_STRICT_OBJC_MSGSEND = YES;
				ENABLE_TESTABILITY = YES;
				GCC_C_LANGUAGE_STANDARD = gnu11;
				GCC_DYNAMIC_NO_PIC = NO;
				GCC_NO_COMMON_BLOCKS = YES;
				GCC_OPTIMIZATION_LEVEL = 0;
				GCC_PREPROCESSOR_DEFINITIONS = (
					"DEBUG=1",
					"$(inherited)",
				);
				GCC_WARN_64_TO_32_BIT_CONVERSION = YES;
				GCC_WARN_ABOUT_RETURN_TYPE = YES_ERROR;
				GCC_WARN_UNDECLARED_SELECTOR = YES;
				GCC_WARN_UNINITIALIZED_AUTOS = YES_AGGRESSIVE;
				GCC_WARN_UNUSED_FUNCTION = YES;
				GCC_WARN_UNUSED_VARIABLE = YES;
				IPHONEOS_DEPLOYMENT_TARGET = 13.2;
				MTL_ENABLE_DEBUG_INFO = INCLUDE_SOURCE;
				MTL_FAST_MATH = YES;
				ONLY_ACTIVE_ARCH = YES;
				SDKROOT = iphoneos;
				SWIFT_ACTIVE_COMPILATION_CONDITIONS = DEBUG;
				SWIFT_OPTIMIZATION_LEVEL = "-Onone";
			};
			name = Debug;
		};
		3DB6B6D023CE718D005AFDEF /* Release */ = {
			isa = XCBuildConfiguration;
			buildSettings = {
				ALWAYS_SEARCH_USER_PATHS = NO;
				CLANG_ANALYZER_NONNULL = YES;
				CLANG_ANALYZER_NUMBER_OBJECT_CONVERSION = YES_AGGRESSIVE;
				CLANG_CXX_LANGUAGE_STANDARD = "gnu++14";
				CLANG_CXX_LIBRARY = "libc++";
				CLANG_ENABLE_MODULES = YES;
				CLANG_ENABLE_OBJC_ARC = YES;
				CLANG_ENABLE_OBJC_WEAK = YES;
				CLANG_WARN_BLOCK_CAPTURE_AUTORELEASING = YES;
				CLANG_WARN_BOOL_CONVERSION = YES;
				CLANG_WARN_COMMA = YES;
				CLANG_WARN_CONSTANT_CONVERSION = YES;
				CLANG_WARN_DEPRECATED_OBJC_IMPLEMENTATIONS = YES;
				CLANG_WARN_DIRECT_OBJC_ISA_USAGE = YES_ERROR;
				CLANG_WARN_DOCUMENTATION_COMMENTS = YES;
				CLANG_WARN_EMPTY_BODY = YES;
				CLANG_WARN_ENUM_CONVERSION = YES;
				CLANG_WARN_INFINITE_RECURSION = YES;
				CLANG_WARN_INT_CONVERSION = YES;
				CLANG_WARN_NON_LITERAL_NULL_CONVERSION = YES;
				CLANG_WARN_OBJC_IMPLICIT_RETAIN_SELF = YES;
				CLANG_WARN_OBJC_LITERAL_CONVERSION = YES;
				CLANG_WARN_OBJC_ROOT_CLASS = YES_ERROR;
				CLANG_WARN_RANGE_LOOP_ANALYSIS = YES;
				CLANG_WARN_STRICT_PROTOTYPES = YES;
				CLANG_WARN_SUSPICIOUS_MOVE = YES;
				CLANG_WARN_UNGUARDED_AVAILABILITY = YES_AGGRESSIVE;
				CLANG_WARN_UNREACHABLE_CODE = YES;
				CLANG_WARN__DUPLICATE_METHOD_MATCH = YES;
				COPY_PHASE_STRIP = NO;
				DEBUG_INFORMATION_FORMAT = "dwarf-with-dsym";
				ENABLE_NS_ASSERTIONS = NO;
				ENABLE_STRICT_OBJC_MSGSEND = YES;
				GCC_C_LANGUAGE_STANDARD = gnu11;
				GCC_NO_COMMON_BLOCKS = YES;
				GCC_WARN_64_TO_32_BIT_CONVERSION = YES;
				GCC_WARN_ABOUT_RETURN_TYPE = YES_ERROR;
				GCC_WARN_UNDECLARED_SELECTOR = YES;
				GCC_WARN_UNINITIALIZED_AUTOS = YES_AGGRESSIVE;
				GCC_WARN_UNUSED_FUNCTION = YES;
				GCC_WARN_UNUSED_VARIABLE = YES;
				IPHONEOS_DEPLOYMENT_TARGET = 13.2;
				MTL_ENABLE_DEBUG_INFO = NO;
				MTL_FAST_MATH = YES;
				SDKROOT = iphoneos;
				SWIFT_COMPILATION_MODE = wholemodule;
				SWIFT_OPTIMIZATION_LEVEL = "-O";
				VALIDATE_PRODUCT = YES;
			};
			name = Release;
		};
		3DB6B6D223CE718D005AFDEF /* Debug */ = {
			isa = XCBuildConfiguration;
			baseConfigurationReference = BFEFA7D1333A60788201C880 /* Pods-SwiftScreenRecordWithReplayKit.debug.xcconfig */;
			buildSettings = {
				ASSETCATALOG_COMPILER_APPICON_NAME = AppIcon;
				CODE_SIGN_STYLE = Automatic;
				DEVELOPMENT_TEAM = 64LJ2YZK43;
				INFOPLIST_FILE = SwiftScreenRecordWithReplayKit/Info.plist;
				LD_RUNPATH_SEARCH_PATHS = (
					"$(inherited)",
					"@executable_path/Frameworks",
				);
				PRODUCT_BUNDLE_IDENTIFIER = com.mfyz.SwiftScreenRecordWithReplayKit;
				PRODUCT_NAME = "$(TARGET_NAME)";
				SWIFT_OBJC_BRIDGING_HEADER = "$(SRCROOT)/$(PROJECT_NAME)/$(SWIFT_MODULE_NAME)-Bridging-Header.h";
				SWIFT_VERSION = 5.0;
				TARGETED_DEVICE_FAMILY = "1,2";
			};
			name = Debug;
		};
		3DB6B6D323CE718D005AFDEF /* Release */ = {
			isa = XCBuildConfiguration;
			baseConfigurationReference = 5DD06F254B7797119781040B /* Pods-SwiftScreenRecordWithReplayKit.release.xcconfig */;
			buildSettings = {
				ASSETCATALOG_COMPILER_APPICON_NAME = AppIcon;
				CODE_SIGN_STYLE = Automatic;
				DEVELOPMENT_TEAM = 64LJ2YZK43;
				INFOPLIST_FILE = SwiftScreenRecordWithReplayKit/Info.plist;
				LD_RUNPATH_SEARCH_PATHS = (
					"$(inherited)",
					"@executable_path/Frameworks",
				);
				PRODUCT_BUNDLE_IDENTIFIER = com.mfyz.SwiftScreenRecordWithReplayKit;
				PRODUCT_NAME = "$(TARGET_NAME)";
				SWIFT_OBJC_BRIDGING_HEADER = "$(SRCROOT)/$(PROJECT_NAME)/$(SWIFT_MODULE_NAME)-Bridging-Header.h";
				SWIFT_VERSION = 5.0;
				TARGETED_DEVICE_FAMILY = "1,2";
			};
			name = Release;
		};
/* End XCBuildConfiguration section */

/* Begin XCConfigurationList section */
		3DB6B6B823CE718C005AFDEF /* Build configuration list for PBXProject "SwiftScreenRecordWithReplayKit" */ = {
			isa = XCConfigurationList;
			buildConfigurations = (
				3DB6B6CF23CE718D005AFDEF /* Debug */,
				3DB6B6D023CE718D005AFDEF /* Release */,
			);
			defaultConfigurationIsVisible = 0;
			defaultConfigurationName = Release;
		};
		3DB6B6D123CE718D005AFDEF /* Build configuration list for PBXNativeTarget "SwiftScreenRecordWithReplayKit" */ = {
			isa = XCConfigurationList;
			buildConfigurations = (
				3DB6B6D223CE718D005AFDEF /* Debug */,
				3DB6B6D323CE718D005AFDEF /* Release */,
			);
			defaultConfigurationIsVisible = 0;
			defaultConfigurationName = Release;
		};
/* End XCConfigurationList section */
	};
	rootObject = 3DB6B6B523CE718C005AFDEF /* Project object */;
}
